
Microsoft Visual Studio Solution File, Format Version 12.00
# Visual Studio Version 17
VisualStudioVersion = 17.13.35825.156 d17.13
MinimumVisualStudioVersion = 10.0.40219.1
Project("{FAE04EC0-301F-11D3-BF4B-00C04F79EFBC}") = "WebApplication1", "WebApplication1.csproj", "{473B9908-4B8D-4EC8-92DD-AFBEEF947CD2}"
EndProject
Global
	GlobalSection(SolutionConfigurationPlatforms) = preSolution
		Debug|Any CPU = Debug|Any CPU
		Release|Any CPU = Release|Any CPU
	EndGlobalSection
	GlobalSection(ProjectConfigurationPlatforms) = postSolution
		{473B9908-4B8D-4EC8-92DD-AFBEEF947CD2}.Debug|Any CPU.ActiveCfg = Debug|Any CPU
		{473B9908-4B8D-4EC8-92DD-AFBEEF947CD2}.Debug|Any CPU.Build.0 = Debug|Any CPU
		{473B9908-4B8D-4EC8-92DD-AFBEEF947CD2}.Release|Any CPU.ActiveCfg = Release|Any CPU
		{473B9908-4B8D-4EC8-92DD-AFBEEF947CD2}.Release|Any CPU.Build.0 = Release|Any CPU
	EndGlobalSection
	GlobalSection(SolutionProperties) = preSolution
		HideSolutionNode = FALSE
	EndGlobalSection
	GlobalSection(ExtensibilityGlobals) = postSolution
		SolutionGuid = {F05619BF-55D8-4FDF-B59A-13D469861AC3}
	EndGlobalSection
EndGlobal
